
Microsoft Visual Studio Solution File, Format Version 12.00
# Visual Studio 15
VisualStudioVersion = 15.0.28307.645
MinimumVisualStudioVersion = 10.0.40219.1
Project("{FAE04EC0-301F-11D3-BF4B-00C04F79EFBC}") = "mvcPhone", "mvcPhone\mvcPhone.csproj", "{91E1FA72-CD2D-4F0E-BC87-E23D803774E1}"
EndProject
Project("{FAE04EC0-301F-11D3-BF4B-00C04F79EFBC}") = "apiPhone", "apiPhone\apiPhone.csproj", "{326FE405-E953-4447-841E-8CD121B5CE85}"
EndProject
Project("{FAE04EC0-301F-11D3-BF4B-00C04F79EFBC}") = "appPhone.Android", "appPhone\appPhone.Android\appPhone.Android.csproj", "{36BE28DE-F981-4EF0-AB21-AF997D7E22AB}"
EndProject
Project("{FAE04EC0-301F-11D3-BF4B-00C04F79EFBC}") = "appPhone.iOS", "appPhone\appPhone.iOS\appPhone.iOS.csproj", "{C21233DC-5562-47B3-B110-2089D850D2C6}"
EndProject
Project("{FAE04EC0-301F-11D3-BF4B-00C04F79EFBC}") = "appPhone", "appPhone\appPhone\appPhone.csproj", "{5E7D527A-324D-4DD0-988B-6F1E75D086B7}"
EndProject
Global
	GlobalSection(SolutionConfigurationPlatforms) = preSolution
		Ad-Hoc|Any CPU = Ad-Hoc|Any CPU
		Ad-Hoc|iPhone = Ad-Hoc|iPhone
		Ad-Hoc|iPhoneSimulator = Ad-Hoc|iPhoneSimulator
		AppStore|Any CPU = AppStore|Any CPU
		AppStore|iPhone = AppStore|iPhone
		AppStore|iPhoneSimulator = AppStore|iPhoneSimulator
		Debug|Any CPU = Debug|Any CPU
		Debug|iPhone = Debug|iPhone
		Debug|iPhoneSimulator = Debug|iPhoneSimulator
		Release|Any CPU = Release|Any CPU
		Release|iPhone = Release|iPhone
		Release|iPhoneSimulator = Release|iPhoneSimulator
	EndGlobalSection
	GlobalSection(ProjectConfigurationPlatforms) = postSolution
		{91E1FA72-CD2D-4F0E-BC87-E23D803774E1}.Ad-Hoc|Any CPU.ActiveCfg = Release|Any CPU
		{91E1FA72-CD2D-4F0E-BC87-E23D803774E1}.Ad-Hoc|Any CPU.Build.0 = Release|Any CPU
		{91E1FA72-CD2D-4F0E-BC87-E23D803774E1}.Ad-Hoc|iPhone.ActiveCfg = Release|Any CPU
		{91E1FA72-CD2D-4F0E-BC87-E23D803774E1}.Ad-Hoc|iPhone.Build.0 = Release|Any CPU
		{91E1FA72-CD2D-4F0E-BC87-E23D803774E1}.Ad-Hoc|iPhoneSimulator.ActiveCfg = Release|Any CPU
		{91E1FA72-CD2D-4F0E-BC87-E23D803774E1}.Ad-Hoc|iPhoneSimulator.Build.0 = Release|Any CPU
		{91E1FA72-CD2D-4F0E-BC87-E23D803774E1}.AppStore|Any CPU.ActiveCfg = Release|Any CPU
		{91E1FA72-CD2D-4F0E-BC87-E23D803774E1}.AppStore|Any CPU.Build.0 = Release|Any CPU
		{91E1FA72-CD2D-4F0E-BC87-E23D803774E1}.AppStore|iPhone.ActiveCfg = Release|Any CPU
		{91E1FA72-CD2D-4F0E-BC87-E23D803774E1}.AppStore|iPhone.Build.0 = Release|Any CPU
		{91E1FA72-CD2D-4F0E-BC87-E23D803774E1}.AppStore|iPhoneSimulator.ActiveCfg = Release|Any CPU
		{91E1FA72-CD2D-4F0E-BC87-E23D803774E1}.AppStore|iPhoneSimulator.Build.0 = Release|Any CPU
		{91E1FA72-CD2D-4F0E-BC87-E23D803774E1}.Debug|Any CPU.ActiveCfg = Debug|Any CPU
		{91E1FA72-CD2D-4F0E-BC87-E23D803774E1}.Debug|Any CPU.Build.0 = Debug|Any CPU
		{91E1FA72-CD2D-4F0E-BC87-E23D803774E1}.Debug|iPhone.ActiveCfg = Debug|Any CPU
		{91E1FA72-CD2D-4F0E-BC87-E23D803774E1}.Debug|iPhone.Build.0 = Debug|Any CPU
		{91E1FA72-CD2D-4F0E-BC87-E23D803774E1}.Debug|iPhoneSimulator.ActiveCfg = Debug|Any CPU
		{91E1FA72-CD2D-4F0E-BC87-E23D803774E1}.Debug|iPhoneSimulator.Build.0 = Debug|Any CPU
		{91E1FA72-CD2D-4F0E-BC87-E23D803774E1}.Release|Any CPU.ActiveCfg = Release|Any CPU
		{91E1FA72-CD2D-4F0E-BC87-E23D803774E1}.Release|Any CPU.Build.0 = Release|Any CPU
		{91E1FA72-CD2D-4F0E-BC87-E23D803774E1}.Release|iPhone.ActiveCfg = Release|Any CPU
		{91E1FA72-CD2D-4F0E-BC87-E23D803774E1}.Release|iPhone.Build.0 = Release|Any CPU
		{91E1FA72-CD2D-4F0E-BC87-E23D803774E1}.Release|iPhoneSimulator.ActiveCfg = Release|Any CPU
		{91E1FA72-CD2D-4F0E-BC87-E23D803774E1}.Release|iPhoneSimulator.Build.0 = Release|Any CPU
		{326FE405-E953-4447-841E-8CD121B5CE85}.Ad-Hoc|Any CPU.ActiveCfg = Release|Any CPU
		{326FE405-E953-4447-841E-8CD121B5CE85}.Ad-Hoc|Any CPU.Build.0 = Release|Any CPU
		{326FE405-E953-4447-841E-8CD121B5CE85}.Ad-Hoc|iPhone.ActiveCfg = Release|Any CPU
		{326FE405-E953-4447-841E-8CD121B5CE85}.Ad-Hoc|iPhone.Build.0 = Release|Any CPU
		{326FE405-E953-4447-841E-8CD121B5CE85}.Ad-Hoc|iPhoneSimulator.ActiveCfg = Release|Any CPU
		{326FE405-E953-4447-841E-8CD121B5CE85}.Ad-Hoc|iPhoneSimulator.Build.0 = Release|Any CPU
		{326FE405-E953-4447-841E-8CD121B5CE85}.AppStore|Any CPU.ActiveCfg = Release|Any CPU
		{326FE405-E953-4447-841E-8CD121B5CE85}.AppStore|Any CPU.Build.0 = Release|Any CPU
		{326FE405-E953-4447-841E-8CD121B5CE85}.AppStore|iPhone.ActiveCfg = Release|Any CPU
		{326FE405-E953-4447-841E-8CD121B5CE85}.AppStore|iPhone.Build.0 = Release|Any CPU
		{326FE405-E953-4447-841E-8CD121B5CE85}.AppStore|iPhoneSimulator.ActiveCfg = Release|Any CPU
		{326FE405-E953-4447-841E-8CD121B5CE85}.AppStore|iPhoneSimulator.Build.0 = Release|Any CPU
		{326FE405-E953-4447-841E-8CD121B5CE85}.Debug|Any CPU.ActiveCfg = Debug|Any CPU
		{326FE405-E953-4447-841E-8CD121B5CE85}.Debug|Any CPU.Build.0 = Debug|Any CPU
		{326FE405-E953-4447-841E-8CD121B5CE85}.Debug|iPhone.ActiveCfg = Debug|Any CPU
		{326FE405-E953-4447-841E-8CD121B5CE85}.Debug|iPhone.Build.0 = Debug|Any CPU
		{326FE405-E953-4447-841E-8CD121B5CE85}.Debug|iPhoneSimulator.ActiveCfg = Debug|Any CPU
		{326FE405-E953-4447-841E-8CD121B5CE85}.Debug|iPhoneSimulator.Build.0 = Debug|Any CPU
		{326FE405-E953-4447-841E-8CD121B5CE85}.Release|Any CPU.ActiveCfg = Release|Any CPU
		{326FE405-E953-4447-841E-8CD121B5CE85}.Release|Any CPU.Build.0 = Release|Any CPU
		{326FE405-E953-4447-841E-8CD121B5CE85}.Release|iPhone.ActiveCfg = Release|Any CPU
		{326FE405-E953-4447-841E-8CD121B5CE85}.Release|iPhone.Build.0 = Release|Any CPU
		{326FE405-E953-4447-841E-8CD121B5CE85}.Release|iPhoneSimulator.ActiveCfg = Release|Any CPU
		{326FE405-E953-4447-841E-8CD121B5CE85}.Release|iPhoneSimulator.Build.0 = Release|Any CPU
		{36BE28DE-F981-4EF0-AB21-AF997D7E22AB}.Ad-Hoc|Any CPU.ActiveCfg = Release|Any CPU
		{36BE28DE-F981-4EF0-AB21-AF997D7E22AB}.Ad-Hoc|Any CPU.Build.0 = Release|Any CPU
		{36BE28DE-F981-4EF0-AB21-AF997D7E22AB}.Ad-Hoc|Any CPU.Deploy.0 = Release|Any CPU
		{36BE28DE-F981-4EF0-AB21-AF997D7E22AB}.Ad-Hoc|iPhone.ActiveCfg = Release|Any CPU
		{36BE28DE-F981-4EF0-AB21-AF997D7E22AB}.Ad-Hoc|iPhone.Build.0 = Release|Any CPU
		{36BE28DE-F981-4EF0-AB21-AF997D7E22AB}.Ad-Hoc|iPhone.Deploy.0 = Release|Any CPU
		{36BE28DE-F981-4EF0-AB21-AF997D7E22AB}.Ad-Hoc|iPhoneSimulator.ActiveCfg = Release|Any CPU
		{36BE28DE-F981-4EF0-AB21-AF997D7E22AB}.Ad-Hoc|iPhoneSimulator.Build.0 = Release|Any CPU
		{36BE28DE-F981-4EF0-AB21-AF997D7E22AB}.Ad-Hoc|iPhoneSimulator.Deploy.0 = Release|Any CPU
		{36BE28DE-F981-4EF0-AB21-AF997D7E22AB}.AppStore|Any CPU.ActiveCfg = Release|Any CPU
		{36BE28DE-F981-4EF0-AB21-AF997D7E22AB}.AppStore|Any CPU.Build.0 = Release|Any CPU
		{36BE28DE-F981-4EF0-AB21-AF997D7E22AB}.AppStore|Any CPU.Deploy.0 = Release|Any CPU
		{36BE28DE-F981-4EF0-AB21-AF997D7E22AB}.AppStore|iPhone.ActiveCfg = Release|Any CPU
		{36BE28DE-F981-4EF0-AB21-AF997D7E22AB}.AppStore|iPhone.Build.0 = Release|Any CPU
		{36BE28DE-F981-4EF0-AB21-AF997D7E22AB}.AppStore|iPhone.Deploy.0 = Release|Any CPU
		{36BE28DE-F981-4EF0-AB21-AF997D7E22AB}.AppStore|iPhoneSimulator.ActiveCfg = Release|Any CPU
		{36BE28DE-F981-4EF0-AB21-AF997D7E22AB}.AppStore|iPhoneSimulator.Build.0 = Release|Any CPU
		{36BE28DE-F981-4EF0-AB21-AF997D7E22AB}.AppStore|iPhoneSimulator.Deploy.0 = Release|Any CPU
		{36BE28DE-F981-4EF0-AB21-AF997D7E22AB}.Debug|Any CPU.ActiveCfg = Debug|Any CPU
		{36BE28DE-F981-4EF0-AB21-AF997D7E22AB}.Debug|Any CPU.Build.0 = Debug|Any CPU
		{36BE28DE-F981-4EF0-AB21-AF997D7E22AB}.Debug|Any CPU.Deploy.0 = Debug|Any CPU
		{36BE28DE-F981-4EF0-AB21-AF997D7E22AB}.Debug|iPhone.ActiveCfg = Debug|Any CPU
		{36BE28DE-F981-4EF0-AB21-AF997D7E22AB}.Debug|iPhone.Build.0 = Debug|Any CPU
		{36BE28DE-F981-4EF0-AB21-AF997D7E22AB}.Debug|iPhone.Deploy.0 = Debug|Any CPU
		{36BE28DE-F981-4EF0-AB21-AF997D7E22AB}.Debug|iPhoneSimulator.ActiveCfg = Debug|Any CPU
		{36BE28DE-F981-4EF0-AB21-AF997D7E22AB}.Debug|iPhoneSimulator.Build.0 = Debug|Any CPU
		{36BE28DE-F981-4EF0-AB21-AF997D7E22AB}.Debug|iPhoneSimulator.Deploy.0 = Debug|Any CPU
		{36BE28DE-F981-4EF0-AB21-AF997D7E22AB}.Release|Any CPU.ActiveCfg = Release|Any CPU
		{36BE28DE-F981-4EF0-AB21-AF997D7E22AB}.Release|Any CPU.Build.0 = Release|Any CPU
		{36BE28DE-F981-4EF0-AB21-AF997D7E22AB}.Release|Any CPU.Deploy.0 = Release|Any CPU
		{36BE28DE-F981-4EF0-AB21-AF997D7E22AB}.Release|iPhone.ActiveCfg = Release|Any CPU
		{36BE28DE-F981-4EF0-AB21-AF997D7E22AB}.Release|iPhone.Build.0 = Release|Any CPU
		{36BE28DE-F981-4EF0-AB21-AF997D7E22AB}.Release|iPhone.Deploy.0 = Release|Any CPU
		{36BE28DE-F981-4EF0-AB21-AF997D7E22AB}.Release|iPhoneSimulator.ActiveCfg = Release|Any CPU
		{36BE28DE-F981-4EF0-AB21-AF997D7E22AB}.Release|iPhoneSimulator.Build.0 = Release|Any CPU
		{36BE28DE-F981-4EF0-AB21-AF997D7E22AB}.Release|iPhoneSimulator.Deploy.0 = Release|Any CPU
		{C21233DC-5562-47B3-B110-2089D850D2C6}.Ad-Hoc|Any CPU.ActiveCfg = Ad-Hoc|iPhone
		{C21233DC-5562-47B3-B110-2089D850D2C6}.Ad-Hoc|iPhone.ActiveCfg = Ad-Hoc|iPhone
		{C21233DC-5562-47B3-B110-2089D850D2C6}.Ad-Hoc|iPhone.Build.0 = Ad-Hoc|iPhone
		{C21233DC-5562-47B3-B110-2089D850D2C6}.Ad-Hoc|iPhoneSimulator.ActiveCfg = Ad-Hoc|iPhoneSimulator
		{C21233DC-5562-47B3-B110-2089D850D2C6}.Ad-Hoc|iPhoneSimulator.Build.0 = Ad-Hoc|iPhoneSimulator
		{C21233DC-5562-47B3-B110-2089D850D2C6}.AppStore|Any CPU.ActiveCfg = AppStore|iPhone
		{C21233DC-5562-47B3-B110-2089D850D2C6}.AppStore|iPhone.ActiveCfg = AppStore|iPhone
		{C21233DC-5562-47B3-B110-2089D850D2C6}.AppStore|iPhone.Build.0 = AppStore|iPhone
		{C21233DC-5562-47B3-B110-2089D850D2C6}.AppStore|iPhoneSimulator.ActiveCfg = AppStore|iPhoneSimulator
		{C21233DC-5562-47B3-B110-2089D850D2C6}.AppStore|iPhoneSimulator.Build.0 = AppStore|iPhoneSimulator
		{C21233DC-5562-47B3-B110-2089D850D2C6}.Debug|Any CPU.ActiveCfg = Debug|iPhone
		{C21233DC-5562-47B3-B110-2089D850D2C6}.Debug|iPhone.ActiveCfg = Debug|iPhone
		{C21233DC-5562-47B3-B110-2089D850D2C6}.Debug|iPhone.Build.0 = Debug|iPhone
		{C21233DC-5562-47B3-B110-2089D850D2C6}.Debug|iPhoneSimulator.ActiveCfg = Debug|iPhoneSimulator
		{C21233DC-5562-47B3-B110-2089D850D2C6}.Debug|iPhoneSimulator.Build.0 = Debug|iPhoneSimulator
		{C21233DC-5562-47B3-B110-2089D850D2C6}.Release|Any CPU.ActiveCfg = Release|iPhone
		{C21233DC-5562-47B3-B110-2089D850D2C6}.Release|iPhone.ActiveCfg = Release|iPhone
		{C21233DC-5562-47B3-B110-2089D850D2C6}.Release|iPhone.Build.0 = Release|iPhone
		{C21233DC-5562-47B3-B110-2089D850D2C6}.Release|iPhoneSimulator.ActiveCfg = Release|iPhoneSimulator
		{C21233DC-5562-47B3-B110-2089D850D2C6}.Release|iPhoneSimulator.Build.0 = Release|iPhoneSimulator
		{5E7D527A-324D-4DD0-988B-6F1E75D086B7}.Ad-Hoc|Any CPU.ActiveCfg = Debug|Any CPU
		{5E7D527A-324D-4DD0-988B-6F1E75D086B7}.Ad-Hoc|Any CPU.Build.0 = Debug|Any CPU
		{5E7D527A-324D-4DD0-988B-6F1E75D086B7}.Ad-Hoc|iPhone.ActiveCfg = Debug|Any CPU
		{5E7D527A-324D-4DD0-988B-6F1E75D086B7}.Ad-Hoc|iPhone.Build.0 = Debug|Any CPU
		{5E7D527A-324D-4DD0-988B-6F1E75D086B7}.Ad-Hoc|iPhoneSimulator.ActiveCfg = Debug|Any CPU
		{5E7D527A-324D-4DD0-988B-6F1E75D086B7}.Ad-Hoc|iPhoneSimulator.Build.0 = Debug|Any CPU
		{5E7D527A-324D-4DD0-988B-6F1E75D086B7}.AppStore|Any CPU.ActiveCfg = Debug|Any CPU
		{5E7D527A-324D-4DD0-988B-6F1E75D086B7}.AppStore|Any CPU.Build.0 = Debug|Any CPU
		{5E7D527A-324D-4DD0-988B-6F1E75D086B7}.AppStore|iPhone.ActiveCfg = Debug|Any CPU
		{5E7D527A-324D-4DD0-988B-6F1E75D086B7}.AppStore|iPhone.Build.0 = Debug|Any CPU
		{5E7D527A-324D-4DD0-988B-6F1E75D086B7}.AppStore|iPhoneSimulator.ActiveCfg = Debug|Any CPU
		{5E7D527A-324D-4DD0-988B-6F1E75D086B7}.AppStore|iPhoneSimulator.Build.0 = Debug|Any CPU
		{5E7D527A-324D-4DD0-988B-6F1E75D086B7}.Debug|Any CPU.ActiveCfg = Debug|Any CPU
		{5E7D527A-324D-4DD0-988B-6F1E75D086B7}.Debug|Any CPU.Build.0 = Debug|Any CPU
		{5E7D527A-324D-4DD0-988B-6F1E75D086B7}.Debug|iPhone.ActiveCfg = Debug|Any CPU
		{5E7D527A-324D-4DD0-988B-6F1E75D086B7}.Debug|iPhone.Build.0 = Debug|Any CPU
		{5E7D527A-324D-4DD0-988B-6F1E75D086B7}.Debug|iPhoneSimulator.ActiveCfg = Debug|Any CPU
		{5E7D527A-324D-4DD0-988B-6F1E75D086B7}.Debug|iPhoneSimulator.Build.0 = Debug|Any CPU
		{5E7D527A-324D-4DD0-988B-6F1E75D086B7}.Release|Any CPU.ActiveCfg = Release|Any CPU
		{5E7D527A-324D-4DD0-988B-6F1E75D086B7}.Release|Any CPU.Build.0 = Release|Any CPU
		{5E7D527A-324D-4DD0-988B-6F1E75D086B7}.Release|iPhone.ActiveCfg = Release|Any CPU
		{5E7D527A-324D-4DD0-988B-6F1E75D086B7}.Release|iPhone.Build.0 = Release|Any CPU
		{5E7D527A-324D-4DD0-988B-6F1E75D086B7}.Release|iPhoneSimulator.ActiveCfg = Release|Any CPU
		{5E7D527A-324D-4DD0-988B-6F1E75D086B7}.Release|iPhoneSimulator.Build.0 = Release|Any CPU
	EndGlobalSection
	GlobalSection(SolutionProperties) = preSolution
		HideSolutionNode = FALSE
	EndGlobalSection
	GlobalSection(ExtensibilityGlobals) = postSolution
		SolutionGuid = {BB5C0532-770B-414D-AB8F-2D69EBD06363}
	EndGlobalSection
EndGlobal
